
Microsoft Visual Studio Solution File, Format Version 12.00
# Visual Studio Version 17
VisualStudioVersion = 17.14.37301.10 d17.14
MinimumVisualStudioVersion = 10.0.40219.1
Project("{FAE04EC0-301F-11D3-BF4B-00C04F79EFBC}") = "CURDUsingAzureSQLDB", "CURDUsingAzureSQLDB\CURDUsingAzureSQLDB.csproj", "{9C71794B-F900-4B2F-B382-3AB42E0941A2}"
EndProject
Global
	GlobalSection(SolutionConfigurationPlatforms) = preSolution
		Debug|Any CPU = Debug|Any CPU
		Release|Any CPU = Release|Any CPU
	EndGlobalSection
	GlobalSection(ProjectConfigurationPlatforms) = postSolution
		{9C71794B-F900-4B2F-B382-3AB42E0941A2}.Debug|Any CPU.ActiveCfg = Debug|Any CPU
		{9C71794B-F900-4B2F-B382-3AB42E0941A2}.Debug|Any CPU.Build.0 = Debug|Any CPU
		{9C71794B-F900-4B2F-B382-3AB42E0941A2}.Release|Any CPU.ActiveCfg = Release|Any CPU
		{9C71794B-F900-4B2F-B382-3AB42E0941A2}.Release|Any CPU.Build.0 = Release|Any CPU
	EndGlobalSection
	GlobalSection(SolutionProperties) = preSolution
		HideSolutionNode = FALSE
	EndGlobalSection
	GlobalSection(ExtensibilityGlobals) = postSolution
		SolutionGuid = {86AAD1E4-2242-43C1-9307-3058079F8447}
	EndGlobalSection
EndGlobal
